// !$*UTF8*$!
{
	archiveVersion = 1;
	classes = {
	};
	objectVersion = 50;
	objects = {

/* Begin PBXBuildFile section */
		72CE259EE9947BE37BE18D76 /* Pods_MoviesTest.framework in Frameworks */ = {isa = PBXBuildFile; fileRef = 4AD45B2BD790F2D892973D4A /* Pods_MoviesTest.framework */; };
		755E2869CC5F300C55416C23 /* Pods_MoviesTestTests.framework in Frameworks */ = {isa = PBXBuildFile; fileRef = C037FBC3B278239EDED87FDD /* Pods_MoviesTestTests.framework */; };
		ED3B97C621E92BCA0043F788 /* AppDelegate.swift in Sources */ = {isa = PBXBuildFile; fileRef = ED3B97C521E92BCA0043F788 /* AppDelegate.swift */; };
		ED3B97CE21E92BCA0043F788 /* MoviesTest.xcdatamodeld in Sources */ = {isa = PBXBuildFile; fileRef = ED3B97CC21E92BCA0043F788 /* MoviesTest.xcdatamodeld */; };
		ED3B97D021E92BCC0043F788 /* Assets.xcassets in Resources */ = {isa = PBXBuildFile; fileRef = ED3B97CF21E92BCC0043F788 /* Assets.xcassets */; };
		ED3B97D321E92BCC0043F788 /* LaunchScreen.storyboard in Resources */ = {isa = PBXBuildFile; fileRef = ED3B97D121E92BCC0043F788 /* LaunchScreen.storyboard */; };
		ED94894221ECBA8100DEA5BF /* InternetConnection.swift in Sources */ = {isa = PBXBuildFile; fileRef = ED94894121ECBA8100DEA5BF /* InternetConnection.swift */; };
		EDE04C5821ED87E600A39C41 /* MoviesSearchListViewControllerTests.swift in Sources */ = {isa = PBXBuildFile; fileRef = EDE04C5721ED87E600A39C41 /* MoviesSearchListViewControllerTests.swift */; };
		EDE04C5B21ED88F600A39C41 /* SearchMovieEntity+Convenience.swift in Sources */ = {isa = PBXBuildFile; fileRef = EDE04C5A21ED88F600A39C41 /* SearchMovieEntity+Convenience.swift */; };
		EDE04C6121ED8E4800A39C41 /* HomeViewModelTests.swift in Sources */ = {isa = PBXBuildFile; fileRef = EDE04C6021ED8E4800A39C41 /* HomeViewModelTests.swift */; };
		EDE04C6321ED8E5400A39C41 /* HomeViewControllerTests.swift in Sources */ = {isa = PBXBuildFile; fileRef = EDE04C6221ED8E5400A39C41 /* HomeViewControllerTests.swift */; };
		EDE04C6521ED8E8A00A39C41 /* MoviesListViewControllerTests.swift in Sources */ = {isa = PBXBuildFile; fileRef = EDE04C6421ED8E8A00A39C41 /* MoviesListViewControllerTests.swift */; };
		EDE04C6721ED8E9E00A39C41 /* MoviesListViewModelTests.swift in Sources */ = {isa = PBXBuildFile; fileRef = EDE04C6621ED8E9E00A39C41 /* MoviesListViewModelTests.swift */; };
		EDE04C6921ED8EBD00A39C41 /* MovieDetailViewControllerTests.swift in Sources */ = {isa = PBXBuildFile; fileRef = EDE04C6821ED8EBD00A39C41 /* MovieDetailViewControllerTests.swift */; };
		EDE04C6B21ED8ED200A39C41 /* MovieDetailViewModelTests.swift in Sources */ = {isa = PBXBuildFile; fileRef = EDE04C6A21ED8ED200A39C41 /* MovieDetailViewModelTests.swift */; };
		EDE04C6D21ED8FD100A39C41 /* HomeViewModelMock.swift in Sources */ = {isa = PBXBuildFile; fileRef = EDE04C6C21ED8FD100A39C41 /* HomeViewModelMock.swift */; };
		EDE04C7C21EE54BF00A39C41 /* OpenSans-Light.ttf in Resources */ = {isa = PBXBuildFile; fileRef = EDE04C7121EE54BE00A39C41 /* OpenSans-Light.ttf */; };
		EDE04C7D21EE54BF00A39C41 /* OpenSans-ExtraBold.ttf in Resources */ = {isa = PBXBuildFile; fileRef = EDE04C7221EE54BE00A39C41 /* OpenSans-ExtraBold.ttf */; };
		EDE04C7E21EE54BF00A39C41 /* OpenSans-LightItalic.ttf in Resources */ = {isa = PBXBuildFile; fileRef = EDE04C7321EE54BE00A39C41 /* OpenSans-LightItalic.ttf */; };
		EDE04C7F21EE54BF00A39C41 /* OpenSans-SemiBold.ttf in Resources */ = {isa = PBXBuildFile; fileRef = EDE04C7421EE54BE00A39C41 /* OpenSans-SemiBold.ttf */; };
		EDE04C8021EE54BF00A39C41 /* OpenSans-SemiBoldItalic.ttf in Resources */ = {isa = PBXBuildFile; fileRef = EDE04C7521EE54BE00A39C41 /* OpenSans-SemiBoldItalic.ttf */; };
		EDE04C8121EE54BF00A39C41 /* OpenSans-Italic.ttf in Resources */ = {isa = PBXBuildFile; fileRef = EDE04C7621EE54BE00A39C41 /* OpenSans-Italic.ttf */; };
		EDE04C8221EE54BF00A39C41 /* OpenSans-Bold.ttf in Resources */ = {isa = PBXBuildFile; fileRef = EDE04C7721EE54BE00A39C41 /* OpenSans-Bold.ttf */; };
		EDE04C8321EE54BF00A39C41 /* Pacifico-Regular.ttf in Resources */ = {isa = PBXBuildFile; fileRef = EDE04C7821EE54BE00A39C41 /* Pacifico-Regular.ttf */; };
		EDE04C8421EE54BF00A39C41 /* OpenSans-ExtraBoldItalic.ttf in Resources */ = {isa = PBXBuildFile; fileRef = EDE04C7921EE54BE00A39C41 /* OpenSans-ExtraBoldItalic.ttf */; };
		EDE04C8521EE54BF00A39C41 /* OpenSans-Regular.ttf in Resources */ = {isa = PBXBuildFile; fileRef = EDE04C7A21EE54BE00A39C41 /* OpenSans-Regular.ttf */; };
		EDE04C8621EE54BF00A39C41 /* OpenSans-BoldItalic.ttf in Resources */ = {isa = PBXBuildFile; fileRef = EDE04C7B21EE54BF00A39C41 /* OpenSans-BoldItalic.ttf */; };
		EDE04C8821EE5BBA00A39C41 /* UIFont+Custom.swift in Sources */ = {isa = PBXBuildFile; fileRef = EDE04C8721EE5BBA00A39C41 /* UIFont+Custom.swift */; };
		EDF6349121E9627700295D4C /* BaseViewController.swift in Sources */ = {isa = PBXBuildFile; fileRef = EDF6349021E9627700295D4C /* BaseViewController.swift */; };
		EDF6349521E99BD100295D4C /* Movie.swift in Sources */ = {isa = PBXBuildFile; fileRef = EDF6349421E99BD100295D4C /* Movie.swift */; };
		EDF6349721EA96C400295D4C /* MoviesSource.swift in Sources */ = {isa = PBXBuildFile; fileRef = EDF6349621EA96C400295D4C /* MoviesSource.swift */; };
		EDF6349921EA970C00295D4C /* LocalMoviesSource.swift in Sources */ = {isa = PBXBuildFile; fileRef = EDF6349821EA970C00295D4C /* LocalMoviesSource.swift */; };
		EDF6349B21EA973900295D4C /* RemoteMoviesSource.swift in Sources */ = {isa = PBXBuildFile; fileRef = EDF6349A21EA973900295D4C /* RemoteMoviesSource.swift */; };
		EDF634A221EA987F00295D4C /* MoviesListViewController.swift in Sources */ = {isa = PBXBuildFile; fileRef = EDF634A021EA987F00295D4C /* MoviesListViewController.swift */; };
		EDF634A321EA987F00295D4C /* MoviesListViewController.xib in Resources */ = {isa = PBXBuildFile; fileRef = EDF634A121EA987F00295D4C /* MoviesListViewController.xib */; };
		EDF634A621EA988F00295D4C /* MovieDetailViewController.swift in Sources */ = {isa = PBXBuildFile; fileRef = EDF634A421EA988F00295D4C /* MovieDetailViewController.swift */; };
		EDF634A721EA988F00295D4C /* MovieDetailViewController.xib in Resources */ = {isa = PBXBuildFile; fileRef = EDF634A521EA988F00295D4C /* MovieDetailViewController.xib */; };
		EDF634A921EA98C000295D4C /* MoviesListViewModel.swift in Sources */ = {isa = PBXBuildFile; fileRef = EDF634A821EA98C000295D4C /* MoviesListViewModel.swift */; };
		EDF634AB21EA98CA00295D4C /* MovieDetailViewModel.swift in Sources */ = {isa = PBXBuildFile; fileRef = EDF634AA21EA98CA00295D4C /* MovieDetailViewModel.swift */; };
		EDF634AF21EA997900295D4C /* MovieCollectionViewCell.swift in Sources */ = {isa = PBXBuildFile; fileRef = EDF634AD21EA997900295D4C /* MovieCollectionViewCell.swift */; };
		EDF634B021EA997900295D4C /* MovieCollectionViewCell.xib in Resources */ = {isa = PBXBuildFile; fileRef = EDF634AE21EA997900295D4C /* MovieCollectionViewCell.xib */; };
		EDF634B321EA99A400295D4C /* MovieEntity.swift in Sources */ = {isa = PBXBuildFile; fileRef = EDF634B221EA99A400295D4C /* MovieEntity.swift */; };
		EDF634B521EA9A9700295D4C /* MockMoviesSource.swift in Sources */ = {isa = PBXBuildFile; fileRef = EDF6349C21EA976000295D4C /* MockMoviesSource.swift */; };
		EDF634B921EA9F1500295D4C /* HomeViewController.swift in Sources */ = {isa = PBXBuildFile; fileRef = EDF634B721EA9F1500295D4C /* HomeViewController.swift */; };
		EDF634BA21EA9F1500295D4C /* HomeViewController.xib in Resources */ = {isa = PBXBuildFile; fileRef = EDF634B821EA9F1500295D4C /* HomeViewController.xib */; };
		EDF634BC21EA9F2000295D4C /* HomeViewModel.swift in Sources */ = {isa = PBXBuildFile; fileRef = EDF634BB21EA9F2000295D4C /* HomeViewModel.swift */; };
		EDF634BE21EAA14200295D4C /* BaseNavigationController.swift in Sources */ = {isa = PBXBuildFile; fileRef = EDF634BD21EAA14200295D4C /* BaseNavigationController.swift */; };
		EDF634C021EAA8A700295D4C /* MoviesListBuilder.swift in Sources */ = {isa = PBXBuildFile; fileRef = EDF634BF21EAA8A700295D4C /* MoviesListBuilder.swift */; };
		EDF634C221EAA8B100295D4C /* MovieDetailBuilder.swift in Sources */ = {isa = PBXBuildFile; fileRef = EDF634C121EAA8B100295D4C /* MovieDetailBuilder.swift */; };
		EDF634C421EAA8BD00295D4C /* HomeBuilder.swift in Sources */ = {isa = PBXBuildFile; fileRef = EDF634C321EAA8BC00295D4C /* HomeBuilder.swift */; };
		EDF634C821EAA8DF00295D4C /* MoviesSearchListViewController.swift in Sources */ = {isa = PBXBuildFile; fileRef = EDF634C621EAA8DF00295D4C /* MoviesSearchListViewController.swift */; };
		EDF634C921EAA8DF00295D4C /* MoviesSearchListViewController.xib in Resources */ = {isa = PBXBuildFile; fileRef = EDF634C721EAA8DF00295D4C /* MoviesSearchListViewController.xib */; };
		EDF634CB21EAAB3F00295D4C /* SearchMovieEntity.swift in Sources */ = {isa = PBXBuildFile; fileRef = EDF634CA21EAAB3F00295D4C /* SearchMovieEntity.swift */; };
		EDF634D021EB5C8700295D4C /* MovieSearchResultTableViewCell.swift in Sources */ = {isa = PBXBuildFile; fileRef = EDF634CE21EB5C8700295D4C /* MovieSearchResultTableViewCell.swift */; };
		EDF634D121EB5C8700295D4C /* MovieSearchResultTableViewCell.xib in Resources */ = {isa = PBXBuildFile; fileRef = EDF634CF21EB5C8700295D4C /* MovieSearchResultTableViewCell.xib */; };
		EDF634D321EB5DE200295D4C /* Colors.xcassets in Resources */ = {isa = PBXBuildFile; fileRef = EDF634D221EB5DE200295D4C /* Colors.xcassets */; };
		EDF634D521EB5F5E00295D4C /* UIImageView+Remote.swift in Sources */ = {isa = PBXBuildFile; fileRef = EDF634D421EB5F5E00295D4C /* UIImageView+Remote.swift */; };
		EDF634D721EB641500295D4C /* UIView+Autolayout.swift in Sources */ = {isa = PBXBuildFile; fileRef = EDF634D621EB641500295D4C /* UIView+Autolayout.swift */; };
		EDF634D921EB679A00295D4C /* BottomLinedSegmentedControl.swift in Sources */ = {isa = PBXBuildFile; fileRef = EDF634D821EB679A00295D4C /* BottomLinedSegmentedControl.swift */; };
		EDF634DB21EB6A3800295D4C /* UIColor+Custom.swift in Sources */ = {isa = PBXBuildFile; fileRef = EDF634DA21EB6A3800295D4C /* UIColor+Custom.swift */; };
		EDF634DD21EB6D5D00295D4C /* Array+Convenience.swift in Sources */ = {isa = PBXBuildFile; fileRef = EDF634DC21EB6D5D00295D4C /* Array+Convenience.swift */; };
		EDF634DF21EBB2B000295D4C /* UIView+Convenience.swift in Sources */ = {isa = PBXBuildFile; fileRef = EDF634DE21EBB2B000295D4C /* UIView+Convenience.swift */; };
		EDF634E121EBCA4C00295D4C /* ReusableViewEnum.swift in Sources */ = {isa = PBXBuildFile; fileRef = EDF634E021EBCA4C00295D4C /* ReusableViewEnum.swift */; };
		EDF634E521EBCB7100295D4C /* MovieDetailTopInfoTableViewCell.swift in Sources */ = {isa = PBXBuildFile; fileRef = EDF634E321EBCB7100295D4C /* MovieDetailTopInfoTableViewCell.swift */; };
		EDF634E621EBCB7100295D4C /* MovieDetailTopInfoTableViewCell.xib in Resources */ = {isa = PBXBuildFile; fileRef = EDF634E421EBCB7100295D4C /* MovieDetailTopInfoTableViewCell.xib */; };
		EDF634E821EBE7FA00295D4C /* Conn.swift in Sources */ = {isa = PBXBuildFile; fileRef = EDF634E721EBE7FA00295D4C /* Conn.swift */; };
		EDF634EB21EBE81D00295D4C /* GetMoviesRequest.swift in Sources */ = {isa = PBXBuildFile; fileRef = EDF634EA21EBE81D00295D4C /* GetMoviesRequest.swift */; };
		EDF634ED21EBE85F00295D4C /* RequestConstants.swift in Sources */ = {isa = PBXBuildFile; fileRef = EDF634EC21EBE85F00295D4C /* RequestConstants.swift */; };
		EDF634EF21EBEA2200295D4C /* Conn+RxSwift.swift in Sources */ = {isa = PBXBuildFile; fileRef = EDF634EE21EBEA2200295D4C /* Conn+RxSwift.swift */; };
		EDF634F121EBEE3400295D4C /* PagedMoviesResponse.swift in Sources */ = {isa = PBXBuildFile; fileRef = EDF634F021EBEE3400295D4C /* PagedMoviesResponse.swift */; };
		EDF634F321EBF43800295D4C /* SearchMoviesRequest.swift in Sources */ = {isa = PBXBuildFile; fileRef = EDF634F221EBF43800295D4C /* SearchMoviesRequest.swift */; };
		EDF634F521EC35E400295D4C /* CacheableMoviesSource.swift in Sources */ = {isa = PBXBuildFile; fileRef = EDF634F421EC35E400295D4C /* CacheableMoviesSource.swift */; };
/* End PBXBuildFile section */

/* Begin PBXContainerItemProxy section */
		ED3B97DA21E92BCD0043F788 /* PBXContainerItemProxy */ = {
			isa = PBXContainerItemProxy;
			containerPortal = ED3B97BA21E92BCA0043F788 /* Project object */;
			proxyType = 1;
			remoteGlobalIDString = ED3B97C121E92BCA0043F788;
			remoteInfo = MoviesTest;
		};
/* End PBXContainerItemProxy section */

/* Begin PBXFileReference section */
		39F7940CC21C4D907A96ADD8 /* Pods-MoviesTestTests.debug.xcconfig */ = {isa = PBXFileReference; includeInIndex = 1; lastKnownFileType = text.xcconfig; name = "Pods-MoviesTestTests.debug.xcconfig"; path = "Pods/Target Support Files/Pods-MoviesTestTests/Pods-MoviesTestTests.debug.xcconfig"; sourceTree = "<group>"; };
		4AD45B2BD790F2D892973D4A /* Pods_MoviesTest.framework */ = {isa = PBXFileReference; explicitFileType = wrapper.framework; includeInIndex = 0; path = Pods_MoviesTest.framework; sourceTree = BUILT_PRODUCTS_DIR; };
		4DA4C9764F7321A20799D99B /* Pods-MoviesTest.release.xcconfig */ = {isa = PBXFileReference; includeInIndex = 1; lastKnownFileType = text.xcconfig; name = "Pods-MoviesTest.release.xcconfig"; path = "Pods/Target Support Files/Pods-MoviesTest/Pods-MoviesTest.release.xcconfig"; sourceTree = "<group>"; };
		C037FBC3B278239EDED87FDD /* Pods_MoviesTestTests.framework */ = {isa = PBXFileReference; explicitFileType = wrapper.framework; includeInIndex = 0; path = Pods_MoviesTestTests.framework; sourceTree = BUILT_PRODUCTS_DIR; };
		E41206FEBFD9AD0E367EE514 /* Pods-MoviesTestTests.release.xcconfig */ = {isa = PBXFileReference; includeInIndex = 1; lastKnownFileType = text.xcconfig; name = "Pods-MoviesTestTests.release.xcconfig"; path = "Pods/Target Support Files/Pods-MoviesTestTests/Pods-MoviesTestTests.release.xcconfig"; sourceTree = "<group>"; };
		ED3B97C221E92BCA0043F788 /* MoviesTest.app */ = {isa = PBXFileReference; explicitFileType = wrapper.application; includeInIndex = 0; path = MoviesTest.app; sourceTree = BUILT_PRODUCTS_DIR; };
		ED3B97C521E92BCA0043F788 /* AppDelegate.swift */ = {isa = PBXFileReference; lastKnownFileType = sourcecode.swift; path = AppDelegate.swift; sourceTree = "<group>"; };
		ED3B97CD21E92BCA0043F788 /* MoviesTest.xcdatamodel */ = {isa = PBXFileReference; lastKnownFileType = wrapper.xcdatamodel; path = MoviesTest.xcdatamodel; sourceTree = "<group>"; };
		ED3B97CF21E92BCC0043F788 /* Assets.xcassets */ = {isa = PBXFileReference; lastKnownFileType = folder.assetcatalog; path = Assets.xcassets; sourceTree = "<group>"; };
		ED3B97D221E92BCC0043F788 /* Base */ = {isa = PBXFileReference; lastKnownFileType = file.storyboard; name = Base; path = Base.lproj/LaunchScreen.storyboard; sourceTree = "<group>"; };
		ED3B97D421E92BCC0043F788 /* Info.plist */ = {isa = PBXFileReference; lastKnownFileType = text.plist.xml; path = Info.plist; sourceTree = "<group>"; };
		ED3B97D921E92BCD0043F788 /* MoviesTestTests.xctest */ = {isa = PBXFileReference; explicitFileType = wrapper.cfbundle; includeInIndex = 0; path = MoviesTestTests.xctest; sourceTree = BUILT_PRODUCTS_DIR; };
		ED3B97DF21E92BCD0043F788 /* Info.plist */ = {isa = PBXFileReference; lastKnownFileType = text.plist.xml; path = Info.plist; sourceTree = "<group>"; };
		ED94894121ECBA8100DEA5BF /* InternetConnection.swift */ = {isa = PBXFileReference; lastKnownFileType = sourcecode.swift; path = InternetConnection.swift; sourceTree = "<group>"; };
		EDE04C5721ED87E600A39C41 /* MoviesSearchListViewControllerTests.swift */ = {isa = PBXFileReference; lastKnownFileType = sourcecode.swift; path = MoviesSearchListViewControllerTests.swift; sourceTree = "<group>"; };
		EDE04C5A21ED88F600A39C41 /* SearchMovieEntity+Convenience.swift */ = {isa = PBXFileReference; lastKnownFileType = sourcecode.swift; path = "SearchMovieEntity+Convenience.swift"; sourceTree = "<group>"; };
		EDE04C6021ED8E4800A39C41 /* HomeViewModelTests.swift */ = {isa = PBXFileReference; lastKnownFileType = sourcecode.swift; path = HomeViewModelTests.swift; sourceTree = "<group>"; };
		EDE04C6221ED8E5400A39C41 /* HomeViewControllerTests.swift */ = {isa = PBXFileReference; lastKnownFileType = sourcecode.swift; path = HomeViewControllerTests.swift; sourceTree = "<group>"; };
		EDE04C6421ED8E8A00A39C41 /* MoviesListViewControllerTests.swift */ = {isa = PBXFileReference; lastKnownFileType = sourcecode.swift; path = MoviesListViewControllerTests.swift; sourceTree = "<group>"; };
		EDE04C6621ED8E9E00A39C41 /* MoviesListViewModelTests.swift */ = {isa = PBXFileReference; lastKnownFileType = sourcecode.swift; path = MoviesListViewModelTests.swift; sourceTree = "<group>"; };
		EDE04C6821ED8EBD00A39C41 /* MovieDetailViewControllerTests.swift */ = {isa = PBXFileReference; lastKnownFileType = sourcecode.swift; path = MovieDetailViewControllerTests.swift; sourceTree = "<group>"; };
		EDE04C6A21ED8ED200A39C41 /* MovieDetailViewModelTests.swift */ = {isa = PBXFileReference; lastKnownFileType = sourcecode.swift; path = MovieDetailViewModelTests.swift; sourceTree = "<group>"; };
		EDE04C6C21ED8FD100A39C41 /* HomeViewModelMock.swift */ = {isa = PBXFileReference; lastKnownFileType = sourcecode.swift; path = HomeViewModelMock.swift; sourceTree = "<group>"; };
		EDE04C7121EE54BE00A39C41 /* OpenSans-Light.ttf */ = {isa = PBXFileReference; lastKnownFileType = file; path = "OpenSans-Light.ttf"; sourceTree = "<group>"; };
		EDE04C7221EE54BE00A39C41 /* OpenSans-ExtraBold.ttf */ = {isa = PBXFileReference; lastKnownFileType = file; path = "OpenSans-ExtraBold.ttf"; sourceTree = "<group>"; };
		EDE04C7321EE54BE00A39C41 /* OpenSans-LightItalic.ttf */ = {isa = PBXFileReference; lastKnownFileType = file; path = "OpenSans-LightItalic.ttf"; sourceTree = "<group>"; };
		EDE04C7421EE54BE00A39C41 /* OpenSans-SemiBold.ttf */ = {isa = PBXFileReference; lastKnownFileType = file; path = "OpenSans-SemiBold.ttf"; sourceTree = "<group>"; };
		EDE04C7521EE54BE00A39C41 /* OpenSans-SemiBoldItalic.ttf */ = {isa = PBXFileReference; lastKnownFileType = file; path = "OpenSans-SemiBoldItalic.ttf"; sourceTree = "<group>"; };
		EDE04C7621EE54BE00A39C41 /* OpenSans-Italic.ttf */ = {isa = PBXFileReference; lastKnownFileType = file; path = "OpenSans-Italic.ttf"; sourceTree = "<group>"; };
		EDE04C7721EE54BE00A39C41 /* OpenSans-Bold.ttf */ = {isa = PBXFileReference; lastKnownFileType = file; path = "OpenSans-Bold.ttf"; sourceTree = "<group>"; };
		EDE04C7821EE54BE00A39C41 /* Pacifico-Regular.ttf */ = {isa = PBXFileReference; lastKnownFileType = file; path = "Pacifico-Regular.ttf"; sourceTree = "<group>"; };
		EDE04C7921EE54BE00A39C41 /* OpenSans-ExtraBoldItalic.ttf */ = {isa = PBXFileReference; lastKnownFileType = file; path = "OpenSans-ExtraBoldItalic.ttf"; sourceTree = "<group>"; };
		EDE04C7A21EE54BE00A39C41 /* OpenSans-Regular.ttf */ = {isa = PBXFileReference; lastKnownFileType = file; path = "OpenSans-Regular.ttf"; sourceTree = "<group>"; };
		EDE04C7B21EE54BF00A39C41 /* OpenSans-BoldItalic.ttf */ = {isa = PBXFileReference; lastKnownFileType = file; path = "OpenSans-BoldItalic.ttf"; sourceTree = "<group>"; };
		EDE04C8721EE5BBA00A39C41 /* UIFont+Custom.swift */ = {isa = PBXFileReference; lastKnownFileType = sourcecode.swift; path = "UIFont+Custom.swift"; sourceTree = "<group>"; };
		EDF6349021E9627700295D4C /* BaseViewController.swift */ = {isa = PBXFileReference; lastKnownFileType = sourcecode.swift; path = BaseViewController.swift; sourceTree = "<group>"; };
		EDF6349421E99BD100295D4C /* Movie.swift */ = {isa = PBXFileReference; lastKnownFileType = sourcecode.swift; path = Movie.swift; sourceTree = "<group>"; };
		EDF6349621EA96C400295D4C /* MoviesSource.swift */ = {isa = PBXFileReference; lastKnownFileType = sourcecode.swift; path = MoviesSource.swift; sourceTree = "<group>"; };
		EDF6349821EA970C00295D4C /* LocalMoviesSource.swift */ = {isa = PBXFileReference; lastKnownFileType = sourcecode.swift; path = LocalMoviesSource.swift; sourceTree = "<group>"; };
		EDF6349A21EA973900295D4C /* RemoteMoviesSource.swift */ = {isa = PBXFileReference; lastKnownFileType = sourcecode.swift; path = RemoteMoviesSource.swift; sourceTree = "<group>"; };
		EDF6349C21EA976000295D4C /* MockMoviesSource.swift */ = {isa = PBXFileReference; lastKnownFileType = sourcecode.swift; path = MockMoviesSource.swift; sourceTree = "<group>"; };
		EDF634A021EA987F00295D4C /* MoviesListViewController.swift */ = {isa = PBXFileReference; lastKnownFileType = sourcecode.swift; path = MoviesListViewController.swift; sourceTree = "<group>"; };
		EDF634A121EA987F00295D4C /* MoviesListViewController.xib */ = {isa = PBXFileReference; lastKnownFileType = file.xib; path = MoviesListViewController.xib; sourceTree = "<group>"; };
		EDF634A421EA988F00295D4C /* MovieDetailViewController.swift */ = {isa = PBXFileReference; lastKnownFileType = sourcecode.swift; path = MovieDetailViewController.swift; sourceTree = "<group>"; };
		EDF634A521EA988F00295D4C /* MovieDetailViewController.xib */ = {isa = PBXFileReference; lastKnownFileType = file.xib; path = MovieDetailViewController.xib; sourceTree = "<group>"; };
		EDF634A821EA98C000295D4C /* MoviesListViewModel.swift */ = {isa = PBXFileReference; lastKnownFileType = sourcecode.swift; path = MoviesListViewModel.swift; sourceTree = "<group>"; };
		EDF634AA21EA98CA00295D4C /* MovieDetailViewModel.swift */ = {isa = PBXFileReference; lastKnownFileType = sourcecode.swift; path = MovieDetailViewModel.swift; sourceTree = "<group>"; };
		EDF634AD21EA997900295D4C /* MovieCollectionViewCell.swift */ = {isa = PBXFileReference; lastKnownFileType = sourcecode.swift; path = MovieCollectionViewCell.swift; sourceTree = "<group>"; };
		EDF634AE21EA997900295D4C /* MovieCollectionViewCell.xib */ = {isa = PBXFileReference; lastKnownFileType = file.xib; path = MovieCollectionViewCell.xib; sourceTree = "<group>"; };
		EDF634B221EA99A400295D4C /* MovieEntity.swift */ = {isa = PBXFileReference; lastKnownFileType = sourcecode.swift; path = MovieEntity.swift; sourceTree = "<group>"; };
		EDF634B721EA9F1500295D4C /* HomeViewController.swift */ = {isa = PBXFileReference; lastKnownFileType = sourcecode.swift; path = HomeViewController.swift; sourceTree = "<group>"; };
		EDF634B821EA9F1500295D4C /* HomeViewController.xib */ = {isa = PBXFileReference; lastKnownFileType = file.xib; path = HomeViewController.xib; sourceTree = "<group>"; };
		EDF634BB21EA9F2000295D4C /* HomeViewModel.swift */ = {isa = PBXFileReference; lastKnownFileType = sourcecode.swift; path = HomeViewModel.swift; sourceTree = "<group>"; };
		EDF634BD21EAA14200295D4C /* BaseNavigationController.swift */ = {isa = PBXFileReference; lastKnownFileType = sourcecode.swift; path = BaseNavigationController.swift; sourceTree = "<group>"; };
		EDF634BF21EAA8A700295D4C /* MoviesListBuilder.swift */ = {isa = PBXFileReference; lastKnownFileType = sourcecode.swift; path = MoviesListBuilder.swift; sourceTree = "<group>"; };
		EDF634C121EAA8B100295D4C /* MovieDetailBuilder.swift */ = {isa = PBXFileReference; lastKnownFileType = sourcecode.swift; path = MovieDetailBuilder.swift; sourceTree = "<group>"; };
		EDF634C321EAA8BC00295D4C /* HomeBuilder.swift */ = {isa = PBXFileReference; lastKnownFileType = sourcecode.swift; path = HomeBuilder.swift; sourceTree = "<group>"; };
		EDF634C621EAA8DF00295D4C /* MoviesSearchListViewController.swift */ = {isa = PBXFileReference; lastKnownFileType = sourcecode.swift; path = MoviesSearchListViewController.swift; sourceTree = "<group>"; };
		EDF634C721EAA8DF00295D4C /* MoviesSearchListViewController.xib */ = {isa = PBXFileReference; lastKnownFileType = file.xib; path = MoviesSearchListViewController.xib; sourceTree = "<group>"; };
		EDF634CA21EAAB3F00295D4C /* SearchMovieEntity.swift */ = {isa = PBXFileReference; lastKnownFileType = sourcecode.swift; path = SearchMovieEntity.swift; sourceTree = "<group>"; };
		EDF634CE21EB5C8700295D4C /* MovieSearchResultTableViewCell.swift */ = {isa = PBXFileReference; lastKnownFileType = sourcecode.swift; path = MovieSearchResultTableViewCell.swift; sourceTree = "<group>"; };
		EDF634CF21EB5C8700295D4C /* MovieSearchResultTableViewCell.xib */ = {isa = PBXFileReference; lastKnownFileType = file.xib; path = MovieSearchResultTableViewCell.xib; sourceTree = "<group>"; };
		EDF634D221EB5DE200295D4C /* Colors.xcassets */ = {isa = PBXFileReference; lastKnownFileType = folder.assetcatalog; path = Colors.xcassets; sourceTree = "<group>"; };
		EDF634D421EB5F5E00295D4C /* UIImageView+Remote.swift */ = {isa = PBXFileReference; lastKnownFileType = sourcecode.swift; path = "UIImageView+Remote.swift"; sourceTree = "<group>"; };
		EDF634D621EB641500295D4C /* UIView+Autolayout.swift */ = {isa = PBXFileReference; lastKnownFileType = sourcecode.swift; path = "UIView+Autolayout.swift"; sourceTree = "<group>"; };
		EDF634D821EB679A00295D4C /* BottomLinedSegmentedControl.swift */ = {isa = PBXFileReference; lastKnownFileType = sourcecode.swift; path = BottomLinedSegmentedControl.swift; sourceTree = "<group>"; };
		EDF634DA21EB6A3800295D4C /* UIColor+Custom.swift */ = {isa = PBXFileReference; lastKnownFileType = sourcecode.swift; path = "UIColor+Custom.swift"; sourceTree = "<group>"; };
		EDF634DC21EB6D5D00295D4C /* Array+Convenience.swift */ = {isa = PBXFileReference; lastKnownFileType = sourcecode.swift; path = "Array+Convenience.swift"; sourceTree = "<group>"; };
		EDF634DE21EBB2B000295D4C /* UIView+Convenience.swift */ = {isa = PBXFileReference; lastKnownFileType = sourcecode.swift; path = "UIView+Convenience.swift"; sourceTree = "<group>"; };
		EDF634E021EBCA4C00295D4C /* ReusableViewEnum.swift */ = {isa = PBXFileReference; lastKnownFileType = sourcecode.swift; path = ReusableViewEnum.swift; sourceTree = "<group>"; };
		EDF634E321EBCB7100295D4C /* MovieDetailTopInfoTableViewCell.swift */ = {isa = PBXFileReference; lastKnownFileType = sourcecode.swift; path = MovieDetailTopInfoTableViewCell.swift; sourceTree = "<group>"; };
		EDF634E421EBCB7100295D4C /* MovieDetailTopInfoTableViewCell.xib */ = {isa = PBXFileReference; lastKnownFileType = file.xib; path = MovieDetailTopInfoTableViewCell.xib; sourceTree = "<group>"; };
		EDF634E721EBE7FA00295D4C /* Conn.swift */ = {isa = PBXFileReference; lastKnownFileType = sourcecode.swift; path = Conn.swift; sourceTree = "<group>"; };
		EDF634EA21EBE81D00295D4C /* GetMoviesRequest.swift */ = {isa = PBXFileReference; lastKnownFileType = sourcecode.swift; path = GetMoviesRequest.swift; sourceTree = "<group>"; };
		EDF634EC21EBE85F00295D4C /* RequestConstants.swift */ = {isa = PBXFileReference; lastKnownFileType = sourcecode.swift; path = RequestConstants.swift; sourceTree = "<group>"; };
		EDF634EE21EBEA2200295D4C /* Conn+RxSwift.swift */ = {isa = PBXFileReference; lastKnownFileType = sourcecode.swift; path = "Conn+RxSwift.swift"; sourceTree = "<group>"; };
		EDF634F021EBEE3400295D4C /* PagedMoviesResponse.swift */ = {isa = PBXFileReference; lastKnownFileType = sourcecode.swift; path = PagedMoviesResponse.swift; sourceTree = "<group>"; };
		EDF634F221EBF43800295D4C /* SearchMoviesRequest.swift */ = {isa = PBXFileReference; lastKnownFileType = sourcecode.swift; path = SearchMoviesRequest.swift; sourceTree = "<group>"; };
		EDF634F421EC35E400295D4C /* CacheableMoviesSource.swift */ = {isa = PBXFileReference; lastKnownFileType = sourcecode.swift; path = CacheableMoviesSource.swift; sourceTree = "<group>"; };
		F3688D5C6FC7EDA71E8DACAD /* Pods-MoviesTest.debug.xcconfig */ = {isa = PBXFileReference; includeInIndex = 1; lastKnownFileType = text.xcconfig; name = "Pods-MoviesTest.debug.xcconfig"; path = "Pods/Target Support Files/Pods-MoviesTest/Pods-MoviesTest.debug.xcconfig"; sourceTree = "<group>"; };
/* End PBXFileReference section */

/* Begin PBXFrameworksBuildPhase section */
		ED3B97BF21E92BCA0043F788 /* Frameworks */ = {
			isa = PBXFrameworksBuildPhase;
			buildActionMask = 2147483647;
			files = (
				72CE259EE9947BE37BE18D76 /* Pods_MoviesTest.framework in Frameworks */,
			);
			runOnlyForDeploymentPostprocessing = 0;
		};
		ED3B97D621E92BCD0043F788 /* Frameworks */ = {
			isa = PBXFrameworksBuildPhase;
			buildActionMask = 2147483647;
			files = (
				755E2869CC5F300C55416C23 /* Pods_MoviesTestTests.framework in Frameworks */,
			);
			runOnlyForDeploymentPostprocessing = 0;
		};
/* End PBXFrameworksBuildPhase section */

/* Begin PBXGroup section */
		18680F7107129FF974FFDE10 /* Pods */ = {
			isa = PBXGroup;
			children = (
				F3688D5C6FC7EDA71E8DACAD /* Pods-MoviesTest.debug.xcconfig */,
				4DA4C9764F7321A20799D99B /* Pods-MoviesTest.release.xcconfig */,
				39F7940CC21C4D907A96ADD8 /* Pods-MoviesTestTests.debug.xcconfig */,
				E41206FEBFD9AD0E367EE514 /* Pods-MoviesTestTests.release.xcconfig */,
			);
			name = Pods;
			sourceTree = "<group>";
		};
		878AFBB584E57F6BEFC172C3 /* Frameworks */ = {
			isa = PBXGroup;
			children = (
				4AD45B2BD790F2D892973D4A /* Pods_MoviesTest.framework */,
				C037FBC3B278239EDED87FDD /* Pods_MoviesTestTests.framework */,
			);
			name = Frameworks;
			sourceTree = "<group>";
		};
		ED3B97B921E92BCA0043F788 = {
			isa = PBXGroup;
			children = (
				ED3B97C421E92BCA0043F788 /* MoviesTest */,
				ED3B97DC21E92BCD0043F788 /* MoviesTestTests */,
				ED3B97C321E92BCA0043F788 /* Products */,
				18680F7107129FF974FFDE10 /* Pods */,
				878AFBB584E57F6BEFC172C3 /* Frameworks */,
			);
			sourceTree = "<group>";
		};
		ED3B97C321E92BCA0043F788 /* Products */ = {
			isa = PBXGroup;
			children = (
				ED3B97C221E92BCA0043F788 /* MoviesTest.app */,
				ED3B97D921E92BCD0043F788 /* MoviesTestTests.xctest */,
			);
			name = Products;
			sourceTree = "<group>";
		};
		ED3B97C421E92BCA0043F788 /* MoviesTest */ = {
			isa = PBXGroup;
			children = (
				EDF6349F21EA97D000295D4C /* Resources */,
				EDF6348A21E961E200295D4C /* Data Source */,
				EDF6348E21E961FA00295D4C /* Model */,
				EDF6348D21E961F500295D4C /* Components */,
				EDF6348C21E961F100295D4C /* Utils */,
				EDF6348921E961D600295D4C /* Application */,
				ED3B97C521E92BCA0043F788 /* AppDelegate.swift */,
				ED3B97CC21E92BCA0043F788 /* MoviesTest.xcdatamodeld */,
				ED3B97D421E92BCC0043F788 /* Info.plist */,
			);
			path = MoviesTest;
			sourceTree = "<group>";
		};
		ED3B97DC21E92BCD0043F788 /* MoviesTestTests */ = {
			isa = PBXGroup;
			children = (
				EDE04C5921ED88E300A39C41 /* TestUtils */,
				EDE04C4C21ED874500A39C41 /* Data Source */,
				EDE04C4D21ED874D00A39C41 /* Model */,
				EDE04C4E21ED875200A39C41 /* Components */,
				EDE04C4F21ED876C00A39C41 /* Utils */,
				EDE04C5021ED877300A39C41 /* Application */,
				ED3B97DF21E92BCD0043F788 /* Info.plist */,
			);
			path = MoviesTestTests;
			sourceTree = "<group>";
		};
		EDE04C4C21ED874500A39C41 /* Data Source */ = {
			isa = PBXGroup;
			children = (
				EDE04C5621ED87A500A39C41 /* Networking */,
			);
			path = "Data Source";
			sourceTree = "<group>";
		};
		EDE04C4D21ED874D00A39C41 /* Model */ = {
			isa = PBXGroup;
			children = (
			);
			path = Model;
			sourceTree = "<group>";
		};
		EDE04C4E21ED875200A39C41 /* Components */ = {
			isa = PBXGroup;
			children = (
			);
			path = Components;
			sourceTree = "<group>";
		};
		EDE04C4F21ED876C00A39C41 /* Utils */ = {
			isa = PBXGroup;
			children = (
			);
			path = Utils;
			sourceTree = "<group>";
		};
		EDE04C5021ED877300A39C41 /* Application */ = {
			isa = PBXGroup;
			children = (
				EDE04C5521ED879A00A39C41 /* Base */,
				EDE04C5421ED879700A39C41 /* Home */,
				EDE04C5321ED879300A39C41 /* Search List */,
				EDE04C5221ED878F00A39C41 /* List */,
				EDE04C5121ED878B00A39C41 /* Detail */,
			);
			path = Application;
			sourceTree = "<group>";
		};
		EDE04C5121ED878B00A39C41 /* Detail */ = {
			isa = PBXGroup;
			children = (
				EDE04C6821ED8EBD00A39C41 /* MovieDetailViewControllerTests.swift */,
				EDE04C6A21ED8ED200A39C41 /* MovieDetailViewModelTests.swift */,
			);
			path = Detail;
			sourceTree = "<group>";
		};
		EDE04C5221ED878F00A39C41 /* List */ = {
			isa = PBXGroup;
			children = (
				EDE04C6421ED8E8A00A39C41 /* MoviesListViewControllerTests.swift */,
				EDE04C6621ED8E9E00A39C41 /* MoviesListViewModelTests.swift */,
			);
			path = List;
			sourceTree = "<group>";
		};
		EDE04C5321ED879300A39C41 /* Search List */ = {
			isa = PBXGroup;
			children = (
				EDE04C5721ED87E600A39C41 /* MoviesSearchListViewControllerTests.swift */,
			);
			path = "Search List";
			sourceTree = "<group>";
		};
		EDE04C5421ED879700A39C41 /* Home */ = {
			isa = PBXGroup;
			children = (
				EDE04C6221ED8E5400A39C41 /* HomeViewControllerTests.swift */,
				EDE04C6021ED8E4800A39C41 /* HomeViewModelTests.swift */,
				EDE04C6C21ED8FD100A39C41 /* HomeViewModelMock.swift */,
			);
			path = Home;
			sourceTree = "<group>";
		};
		EDE04C5521ED879A00A39C41 /* Base */ = {
			isa = PBXGroup;
			children = (
			);
			path = Base;
			sourceTree = "<group>";
		};
		EDE04C5621ED87A500A39C41 /* Networking */ = {
			isa = PBXGroup;
			children = (
			);
			path = Networking;
			sourceTree = "<group>";
		};
		EDE04C5921ED88E300A39C41 /* TestUtils */ = {
			isa = PBXGroup;
			children = (
				EDE04C5A21ED88F600A39C41 /* SearchMovieEntity+Convenience.swift */,
			);
			path = TestUtils;
			sourceTree = "<group>";
		};
		EDE04C7021EE548200A39C41 /* Fonts */ = {
			isa = PBXGroup;
			children = (
				EDE04C7721EE54BE00A39C41 /* OpenSans-Bold.ttf */,
				EDE04C7B21EE54BF00A39C41 /* OpenSans-BoldItalic.ttf */,
				EDE04C7221EE54BE00A39C41 /* OpenSans-ExtraBold.ttf */,
				EDE04C7921EE54BE00A39C41 /* OpenSans-ExtraBoldItalic.ttf */,
				EDE04C7621EE54BE00A39C41 /* OpenSans-Italic.ttf */,
				EDE04C7121EE54BE00A39C41 /* OpenSans-Light.ttf */,
				EDE04C7321EE54BE00A39C41 /* OpenSans-LightItalic.ttf */,
				EDE04C7A21EE54BE00A39C41 /* OpenSans-Regular.ttf */,
				EDE04C7421EE54BE00A39C41 /* OpenSans-SemiBold.ttf */,
				EDE04C7521EE54BE00A39C41 /* OpenSans-SemiBoldItalic.ttf */,
				EDE04C7821EE54BE00A39C41 /* Pacifico-Regular.ttf */,
			);
			path = Fonts;
			sourceTree = "<group>";
		};
		EDF6348921E961D600295D4C /* Application */ = {
			isa = PBXGroup;
			children = (
				EDF6348F21E9626B00295D4C /* Base */,
				EDF634B621EA9F0700295D4C /* Home */,
				EDF634C521EAA8CD00295D4C /* Search List */,
				EDF6349221E999BB00295D4C /* List */,
				EDF6349321E999CD00295D4C /* Detail */,
			);
			path = Application;
			sourceTree = "<group>";
		};
		EDF6348A21E961E200295D4C /* Data Source */ = {
			isa = PBXGroup;
			children = (
				EDF634E921EBE80700295D4C /* Networking */,
				EDF6349621EA96C400295D4C /* MoviesSource.swift */,
				EDF6349821EA970C00295D4C /* LocalMoviesSource.swift */,
				EDF6349A21EA973900295D4C /* RemoteMoviesSource.swift */,
				EDF6349C21EA976000295D4C /* MockMoviesSource.swift */,
				EDF634F421EC35E400295D4C /* CacheableMoviesSource.swift */,
			);
			path = "Data Source";
			sourceTree = "<group>";
		};
		EDF6348C21E961F100295D4C /* Utils */ = {
			isa = PBXGroup;
			children = (
				EDF634D421EB5F5E00295D4C /* UIImageView+Remote.swift */,
				EDF634D621EB641500295D4C /* UIView+Autolayout.swift */,
				EDF634DA21EB6A3800295D4C /* UIColor+Custom.swift */,
				EDF634DC21EB6D5D00295D4C /* Array+Convenience.swift */,
				EDF634DE21EBB2B000295D4C /* UIView+Convenience.swift */,
				EDF634E021EBCA4C00295D4C /* ReusableViewEnum.swift */,
				EDF634E721EBE7FA00295D4C /* Conn.swift */,
				EDF634EE21EBEA2200295D4C /* Conn+RxSwift.swift */,
				ED94894121ECBA8100DEA5BF /* InternetConnection.swift */,
				EDE04C8721EE5BBA00A39C41 /* UIFont+Custom.swift */,
			);
			path = Utils;
			sourceTree = "<group>";
		};
		EDF6348D21E961F500295D4C /* Components */ = {
			isa = PBXGroup;
			children = (
				EDF634D821EB679A00295D4C /* BottomLinedSegmentedControl.swift */,
			);
			path = Components;
			sourceTree = "<group>";
		};
		EDF6348E21E961FA00295D4C /* Model */ = {
			isa = PBXGroup;
			children = (
				EDF6349421E99BD100295D4C /* Movie.swift */,
				EDF634F021EBEE3400295D4C /* PagedMoviesResponse.swift */,
			);
			path = Model;
			sourceTree = "<group>";
		};
		EDF6348F21E9626B00295D4C /* Base */ = {
			isa = PBXGroup;
			children = (
				EDF6349021E9627700295D4C /* BaseViewController.swift */,
				EDF634BD21EAA14200295D4C /* BaseNavigationController.swift */,
			);
			path = Base;
			sourceTree = "<group>";
		};
		EDF6349221E999BB00295D4C /* List */ = {
			isa = PBXGroup;
			children = (
				EDF634B121EA999A00295D4C /* Entities */,
				EDF634AC21EA996900295D4C /* Cells */,
				EDF634A021EA987F00295D4C /* MoviesListViewController.swift */,
				EDF634A121EA987F00295D4C /* MoviesListViewController.xib */,
				EDF634A821EA98C000295D4C /* MoviesListViewModel.swift */,
				EDF634BF21EAA8A700295D4C /* MoviesListBuilder.swift */,
			);
			path = List;
			sourceTree = "<group>";
		};
		EDF6349321E999CD00295D4C /* Detail */ = {
			isa = PBXGroup;
			children = (
				EDF634E221EBCB0100295D4C /* Cells */,
				EDF634A421EA988F00295D4C /* MovieDetailViewController.swift */,
				EDF634A521EA988F00295D4C /* MovieDetailViewController.xib */,
				EDF634AA21EA98CA00295D4C /* MovieDetailViewModel.swift */,
				EDF634C121EAA8B100295D4C /* MovieDetailBuilder.swift */,
			);
			path = Detail;
			sourceTree = "<group>";
		};
		EDF6349F21EA97D000295D4C /* Resources */ = {
			isa = PBXGroup;
			children = (
				EDE04C7021EE548200A39C41 /* Fonts */,
				ED3B97CF21E92BCC0043F788 /* Assets.xcassets */,
				EDF634D221EB5DE200295D4C /* Colors.xcassets */,
				ED3B97D121E92BCC0043F788 /* LaunchScreen.storyboard */,
			);
			path = Resources;
			sourceTree = "<group>";
		};
		EDF634AC21EA996900295D4C /* Cells */ = {
			isa = PBXGroup;
			children = (
				EDF634AD21EA997900295D4C /* MovieCollectionViewCell.swift */,
				EDF634AE21EA997900295D4C /* MovieCollectionViewCell.xib */,
			);
			path = Cells;
			sourceTree = "<group>";
		};
		EDF634B121EA999A00295D4C /* Entities */ = {
			isa = PBXGroup;
			children = (
				EDF634B221EA99A400295D4C /* MovieEntity.swift */,
			);
			path = Entities;
			sourceTree = "<group>";
		};
		EDF634B621EA9F0700295D4C /* Home */ = {
			isa = PBXGroup;
			children = (
				EDF634B721EA9F1500295D4C /* HomeViewController.swift */,
				EDF634B821EA9F1500295D4C /* HomeViewController.xib */,
				EDF634BB21EA9F2000295D4C /* HomeViewModel.swift */,
				EDF634C321EAA8BC00295D4C /* HomeBuilder.swift */,
			);
			path = Home;
			sourceTree = "<group>";
		};
		EDF634C521EAA8CD00295D4C /* Search List */ = {
			isa = PBXGroup;
			children = (
				EDF634CD21EB5C4500295D4C /* Cells */,
				EDF634CC21EAAB4200295D4C /* Entities */,
				EDF634C621EAA8DF00295D4C /* MoviesSearchListViewController.swift */,
				EDF634C721EAA8DF00295D4C /* MoviesSearchListViewController.xib */,
			);
			path = "Search List";
			sourceTree = "<group>";
		};
		EDF634CC21EAAB4200295D4C /* Entities */ = {
			isa = PBXGroup;
			children = (
				EDF634CA21EAAB3F00295D4C /* SearchMovieEntity.swift */,
			);
			path = Entities;
			sourceTree = "<group>";
		};
		EDF634CD21EB5C4500295D4C /* Cells */ = {
			isa = PBXGroup;
			children = (
				EDF634CE21EB5C8700295D4C /* MovieSearchResultTableViewCell.swift */,
				EDF634CF21EB5C8700295D4C /* MovieSearchResultTableViewCell.xib */,
			);
			path = Cells;
			sourceTree = "<group>";
		};
		EDF634E221EBCB0100295D4C /* Cells */ = {
			isa = PBXGroup;
			children = (
				EDF634E321EBCB7100295D4C /* MovieDetailTopInfoTableViewCell.swift */,
				EDF634E421EBCB7100295D4C /* MovieDetailTopInfoTableViewCell.xib */,
			);
			path = Cells;
			sourceTree = "<group>";
		};
		EDF634E921EBE80700295D4C /* Networking */ = {
			isa = PBXGroup;
			children = (
				EDF634EC21EBE85F00295D4C /* RequestConstants.swift */,
				EDF634EA21EBE81D00295D4C /* GetMoviesRequest.swift */,
				EDF634F221EBF43800295D4C /* SearchMoviesRequest.swift */,
			);
			path = Networking;
			sourceTree = "<group>";
		};
/* End PBXGroup section */

/* Begin PBXNativeTarget section */
		ED3B97C121E92BCA0043F788 /* MoviesTest */ = {
			isa = PBXNativeTarget;
			buildConfigurationList = ED3B97E221E92BCD0043F788 /* Build configuration list for PBXNativeTarget "MoviesTest" */;
			buildPhases = (
				81FD53A353C3346F6EB50C62 /* [CP] Check Pods Manifest.lock */,
				ED3B97BE21E92BCA0043F788 /* Sources */,
				ED3B97BF21E92BCA0043F788 /* Frameworks */,
				ED3B97C021E92BCA0043F788 /* Resources */,
				2750C89FD1822CB073409AC9 /* [CP] Embed Pods Frameworks */,
			);
			buildRules = (
			);
			dependencies = (
			);
			name = MoviesTest;
			productName = MoviesTest;
			productReference = ED3B97C221E92BCA0043F788 /* MoviesTest.app */;
			productType = "com.apple.product-type.application";
		};
		ED3B97D821E92BCD0043F788 /* MoviesTestTests */ = {
			isa = PBXNativeTarget;
			buildConfigurationList = ED3B97E521E92BCD0043F788 /* Build configuration list for PBXNativeTarget "MoviesTestTests" */;
			buildPhases = (
				88D9418612AD227FED47FAE1 /* [CP] Check Pods Manifest.lock */,
				ED3B97D521E92BCD0043F788 /* Sources */,
				ED3B97D621E92BCD0043F788 /* Frameworks */,
				ED3B97D721E92BCD0043F788 /* Resources */,
				3FF090CDA09E766E9C73CDD3 /* [CP] Embed Pods Frameworks */,
			);
			buildRules = (
			);
			dependencies = (
				ED3B97DB21E92BCD0043F788 /* PBXTargetDependency */,
			);
			name = MoviesTestTests;
			productName = MoviesTestTests;
			productReference = ED3B97D921E92BCD0043F788 /* MoviesTestTests.xctest */;
			productType = "com.apple.product-type.bundle.unit-test";
		};
/* End PBXNativeTarget section */

/* Begin PBXProject section */
		ED3B97BA21E92BCA0043F788 /* Project object */ = {
			isa = PBXProject;
			attributes = {
				LastSwiftUpdateCheck = 1010;
				LastUpgradeCheck = 1010;
				ORGANIZATIONNAME = "Fernando Ortiz";
				TargetAttributes = {
					ED3B97C121E92BCA0043F788 = {
						CreatedOnToolsVersion = 10.1;
					};
					ED3B97D821E92BCD0043F788 = {
						CreatedOnToolsVersion = 10.1;
						TestTargetID = ED3B97C121E92BCA0043F788;
					};
				};
			};
			buildConfigurationList = ED3B97BD21E92BCA0043F788 /* Build configuration list for PBXProject "MoviesTest" */;
			compatibilityVersion = "Xcode 9.3";
			developmentRegion = en;
			hasScannedForEncodings = 0;
			knownRegions = (
				en,
				Base,
			);
			mainGroup = ED3B97B921E92BCA0043F788;
			productRefGroup = ED3B97C321E92BCA0043F788 /* Products */;
			projectDirPath = "";
			projectRoot = "";
			targets = (
				ED3B97C121E92BCA0043F788 /* MoviesTest */,
				ED3B97D821E92BCD0043F788 /* MoviesTestTests */,
			);
		};
/* End PBXProject section */

/* Begin PBXResourcesBuildPhase section */
		ED3B97C021E92BCA0043F788 /* Resources */ = {
			isa = PBXResourcesBuildPhase;
			buildActionMask = 2147483647;
			files = (
				EDF634D321EB5DE200295D4C /* Colors.xcassets in Resources */,
				EDF634E621EBCB7100295D4C /* MovieDetailTopInfoTableViewCell.xib in Resources */,
				EDE04C7F21EE54BF00A39C41 /* OpenSans-SemiBold.ttf in Resources */,
				EDE04C8621EE54BF00A39C41 /* OpenSans-BoldItalic.ttf in Resources */,
				EDE04C8221EE54BF00A39C41 /* OpenSans-Bold.ttf in Resources */,
				EDF634B021EA997900295D4C /* MovieCollectionViewCell.xib in Resources */,
				EDF634A721EA988F00295D4C /* MovieDetailViewController.xib in Resources */,
				ED3B97D321E92BCC0043F788 /* LaunchScreen.storyboard in Resources */,
				ED3B97D021E92BCC0043F788 /* Assets.xcassets in Resources */,
				EDF634A321EA987F00295D4C /* MoviesListViewController.xib in Resources */,
				EDE04C8321EE54BF00A39C41 /* Pacifico-Regular.ttf in Resources */,
				EDE04C8521EE54BF00A39C41 /* OpenSans-Regular.ttf in Resources */,
				EDF634C921EAA8DF00295D4C /* MoviesSearchListViewController.xib in Resources */,
				EDE04C8421EE54BF00A39C41 /* OpenSans-ExtraBoldItalic.ttf in Resources */,
				EDE04C8121EE54BF00A39C41 /* OpenSans-Italic.ttf in Resources */,
				EDE04C8021EE54BF00A39C41 /* OpenSans-SemiBoldItalic.ttf in Resources */,
				EDF634BA21EA9F1500295D4C /* HomeViewController.xib in Resources */,
				EDE04C7C21EE54BF00A39C41 /* OpenSans-Light.ttf in Resources */,
				EDF634D121EB5C8700295D4C /* MovieSearchResultTableViewCell.xib in Resources */,
				EDE04C7E21EE54BF00A39C41 /* OpenSans-LightItalic.ttf in Resources */,
				EDE04C7D21EE54BF00A39C41 /* OpenSans-ExtraBold.ttf in Resources */,
			);
			runOnlyForDeploymentPostprocessing = 0;
		};
		ED3B97D721E92BCD0043F788 /* Resources */ = {
			isa = PBXResourcesBuildPhase;
			buildActionMask = 2147483647;
			files = (
			);
			runOnlyForDeploymentPostprocessing = 0;
		};
/* End PBXResourcesBuildPhase section */

/* Begin PBXShellScriptBuildPhase section */
		2750C89FD1822CB073409AC9 /* [CP] Embed Pods Frameworks */ = {
			isa = PBXShellScriptBuildPhase;
			buildActionMask = 2147483647;
			files = (
			);
			inputFileListPaths = (
			);
			inputPaths = (
				"${SRCROOT}/Pods/Target Support Files/Pods-MoviesTest/Pods-MoviesTest-frameworks.sh",
				"${BUILT_PRODUCTS_DIR}/BouncyLayout/BouncyLayout.framework",
				"${BUILT_PRODUCTS_DIR}/DZNEmptyDataSet/DZNEmptyDataSet.framework",
				"${BUILT_PRODUCTS_DIR}/DequeuableRegistrable/DequeuableRegistrable.framework",
				"${BUILT_PRODUCTS_DIR}/IQKeyboardManagerSwift/IQKeyboardManagerSwift.framework",
				"${BUILT_PRODUCTS_DIR}/Kingfisher/Kingfisher.framework",
				"${BUILT_PRODUCTS_DIR}/RxAtomic/RxAtomic.framework",
				"${BUILT_PRODUCTS_DIR}/RxCocoa/RxCocoa.framework",
				"${BUILT_PRODUCTS_DIR}/RxSwift/RxSwift.framework",
				"${BUILT_PRODUCTS_DIR}/SVProgressHUD/SVProgressHUD.framework",
				"${BUILT_PRODUCTS_DIR}/youtube-ios-player-helper/youtube_ios_player_helper.framework",
			);
			name = "[CP] Embed Pods Frameworks";
			outputFileListPaths = (
			);
			outputPaths = (
				"${TARGET_BUILD_DIR}/${FRAMEWORKS_FOLDER_PATH}/BouncyLayout.framework",
				"${TARGET_BUILD_DIR}/${FRAMEWORKS_FOLDER_PATH}/DZNEmptyDataSet.framework",
				"${TARGET_BUILD_DIR}/${FRAMEWORKS_FOLDER_PATH}/DequeuableRegistrable.framework",
				"${TARGET_BUILD_DIR}/${FRAMEWORKS_FOLDER_PATH}/IQKeyboardManagerSwift.framework",
				"${TARGET_BUILD_DIR}/${FRAMEWORKS_FOLDER_PATH}/Kingfisher.framework",
				"${TARGET_BUILD_DIR}/${FRAMEWORKS_FOLDER_PATH}/RxAtomic.framework",
				"${TARGET_BUILD_DIR}/${FRAMEWORKS_FOLDER_PATH}/RxCocoa.framework",
				"${TARGET_BUILD_DIR}/${FRAMEWORKS_FOLDER_PATH}/RxSwift.framework",
				"${TARGET_BUILD_DIR}/${FRAMEWORKS_FOLDER_PATH}/SVProgressHUD.framework",
				"${TARGET_BUILD_DIR}/${FRAMEWORKS_FOLDER_PATH}/youtube_ios_player_helper.framework",
			);
			runOnlyForDeploymentPostprocessing = 0;
			shellPath = /bin/sh;
			shellScript = "\"${SRCROOT}/Pods/Target Support Files/Pods-MoviesTest/Pods-MoviesTest-frameworks.sh\"\n";
			showEnvVarsInLog = 0;
		};
		3FF090CDA09E766E9C73CDD3 /* [CP] Embed Pods Frameworks */ = {
			isa = PBXShellScriptBuildPhase;
			buildActionMask = 2147483647;
			files = (
			);
			inputFileListPaths = (
			);
			inputPaths = (
				"${SRCROOT}/Pods/Target Support Files/Pods-MoviesTestTests/Pods-MoviesTestTests-frameworks.sh",
				"${BUILT_PRODUCTS_DIR}/RxAtomic/RxAtomic.framework",
				"${BUILT_PRODUCTS_DIR}/RxSwift/RxSwift.framework",
				"${BUILT_PRODUCTS_DIR}/RxBlocking/RxBlocking.framework",
				"${BUILT_PRODUCTS_DIR}/RxTest/RxTest.framework",
			);
			name = "[CP] Embed Pods Frameworks";
			outputFileListPaths = (
			);
			outputPaths = (
				"${TARGET_BUILD_DIR}/${FRAMEWORKS_FOLDER_PATH}/RxAtomic.framework",
				"${TARGET_BUILD_DIR}/${FRAMEWORKS_FOLDER_PATH}/RxSwift.framework",
				"${TARGET_BUILD_DIR}/${FRAMEWORKS_FOLDER_PATH}/RxBlocking.framework",
				"${TARGET_BUILD_DIR}/${FRAMEWORKS_FOLDER_PATH}/RxTest.framework",
			);
			runOnlyForDeploymentPostprocessing = 0;
			shellPath = /bin/sh;
			shellScript = "\"${SRCROOT}/Pods/Target Support Files/Pods-MoviesTestTests/Pods-MoviesTestTests-frameworks.sh\"\n";
			showEnvVarsInLog = 0;
		};
		81FD53A353C3346F6EB50C62 /* [CP] Check Pods Manifest.lock */ = {
			isa = PBXShellScriptBuildPhase;
			buildActionMask = 2147483647;
			files = (
			);
			inputFileListPaths = (
			);
			inputPaths = (
				"${PODS_PODFILE_DIR_PATH}/Podfile.lock",
				"${PODS_ROOT}/Manifest.lock",
			);
			name = "[CP] Check Pods Manifest.lock";
			outputFileListPaths = (
			);
			outputPaths = (
				"$(DERIVED_FILE_DIR)/Pods-MoviesTest-checkManifestLockResult.txt",
			);
			runOnlyForDeploymentPostprocessing = 0;
			shellPath = /bin/sh;
			shellScript = "diff \"${PODS_PODFILE_DIR_PATH}/Podfile.lock\" \"${PODS_ROOT}/Manifest.lock\" > /dev/null\nif [ $? != 0 ] ; then\n    # print error to STDERR\n    echo \"error: The sandbox is not in sync with the Podfile.lock. Run 'pod install' or update your CocoaPods installation.\" >&2\n    exit 1\nfi\n# This output is used by Xcode 'outputs' to avoid re-running this script phase.\necho \"SUCCESS\" > \"${SCRIPT_OUTPUT_FILE_0}\"\n";
			showEnvVarsInLog = 0;
		};
		88D9418612AD227FED47FAE1 /* [CP] Check Pods Manifest.lock */ = {
			isa = PBXShellScriptBuildPhase;
			buildActionMask = 2147483647;
			files = (
			);
			inputFileListPaths = (
			);
			inputPaths = (
				"${PODS_PODFILE_DIR_PATH}/Podfile.lock",
				"${PODS_ROOT}/Manifest.lock",
			);
			name = "[CP] Check Pods Manifest.lock";
			outputFileListPaths = (
			);
			outputPaths = (
				"$(DERIVED_FILE_DIR)/Pods-MoviesTestTests-checkManifestLockResult.txt",
			);
			runOnlyForDeploymentPostprocessing = 0;
			shellPath = /bin/sh;
			shellScript = "diff \"${PODS_PODFILE_DIR_PATH}/Podfile.lock\" \"${PODS_ROOT}/Manifest.lock\" > /dev/null\nif [ $? != 0 ] ; then\n    # print error to STDERR\n    echo \"error: The sandbox is not in sync with the Podfile.lock. Run 'pod install' or update your CocoaPods installation.\" >&2\n    exit 1\nfi\n# This output is used by Xcode 'outputs' to avoid re-running this script phase.\necho \"SUCCESS\" > \"${SCRIPT_OUTPUT_FILE_0}\"\n";
			showEnvVarsInLog = 0;
		};
/* End PBXShellScriptBuildPhase section */

/* Begin PBXSourcesBuildPhase section */
		ED3B97BE21E92BCA0043F788 /* Sources */ = {
			isa = PBXSourcesBuildPhase;
			buildActionMask = 2147483647;
			files = (
				EDF634DF21EBB2B000295D4C /* UIView+Convenience.swift in Sources */,
				EDF6349721EA96C400295D4C /* MoviesSource.swift in Sources */,
				ED94894221ECBA8100DEA5BF /* InternetConnection.swift in Sources */,
				ED3B97CE21E92BCA0043F788 /* MoviesTest.xcdatamodeld in Sources */,
				EDF6349121E9627700295D4C /* BaseViewController.swift in Sources */,
				EDF634CB21EAAB3F00295D4C /* SearchMovieEntity.swift in Sources */,
				EDF634E821EBE7FA00295D4C /* Conn.swift in Sources */,
				EDF634F321EBF43800295D4C /* SearchMoviesRequest.swift in Sources */,
				EDF634EB21EBE81D00295D4C /* GetMoviesRequest.swift in Sources */,
				EDF634AF21EA997900295D4C /* MovieCollectionViewCell.swift in Sources */,
				EDF6349B21EA973900295D4C /* RemoteMoviesSource.swift in Sources */,
				EDF634DB21EB6A3800295D4C /* UIColor+Custom.swift in Sources */,
				EDF634B921EA9F1500295D4C /* HomeViewController.swift in Sources */,
				EDE04C8821EE5BBA00A39C41 /* UIFont+Custom.swift in Sources */,
				EDF634C421EAA8BD00295D4C /* HomeBuilder.swift in Sources */,
				EDF634D921EB679A00295D4C /* BottomLinedSegmentedControl.swift in Sources */,
				EDF634E521EBCB7100295D4C /* MovieDetailTopInfoTableViewCell.swift in Sources */,
				EDF6349921EA970C00295D4C /* LocalMoviesSource.swift in Sources */,
				EDF634EF21EBEA2200295D4C /* Conn+RxSwift.swift in Sources */,
				EDF634A921EA98C000295D4C /* MoviesListViewModel.swift in Sources */,
				EDF634BE21EAA14200295D4C /* BaseNavigationController.swift in Sources */,
				EDF634ED21EBE85F00295D4C /* RequestConstants.swift in Sources */,
				EDF634AB21EA98CA00295D4C /* MovieDetailViewModel.swift in Sources */,
				EDF634B321EA99A400295D4C /* MovieEntity.swift in Sources */,
				EDF634D721EB641500295D4C /* UIView+Autolayout.swift in Sources */,
				ED3B97C621E92BCA0043F788 /* AppDelegate.swift in Sources */,
				EDF634DD21EB6D5D00295D4C /* Array+Convenience.swift in Sources */,
				EDF6349521E99BD100295D4C /* Movie.swift in Sources */,
				EDF634A621EA988F00295D4C /* MovieDetailViewController.swift in Sources */,
				EDF634F521EC35E400295D4C /* CacheableMoviesSource.swift in Sources */,
				EDF634E121EBCA4C00295D4C /* ReusableViewEnum.swift in Sources */,
				EDF634C821EAA8DF00295D4C /* MoviesSearchListViewController.swift in Sources */,
				EDF634BC21EA9F2000295D4C /* HomeViewModel.swift in Sources */,
				EDF634F121EBEE3400295D4C /* PagedMoviesResponse.swift in Sources */,
				EDF634C221EAA8B100295D4C /* MovieDetailBuilder.swift in Sources */,
				EDF634D021EB5C8700295D4C /* MovieSearchResultTableViewCell.swift in Sources */,
				EDF634D521EB5F5E00295D4C /* UIImageView+Remote.swift in Sources */,
				EDF634A221EA987F00295D4C /* MoviesListViewController.swift in Sources */,
				EDF634C021EAA8A700295D4C /* MoviesListBuilder.swift in Sources */,
			);
			runOnlyForDeploymentPostprocessing = 0;
		};
		ED3B97D521E92BCD0043F788 /* Sources */ = {
			isa = PBXSourcesBuildPhase;
			buildActionMask = 2147483647;
			files = (
				EDE04C6321ED8E5400A39C41 /* HomeViewControllerTests.swift in Sources */,
				EDE04C6D21ED8FD100A39C41 /* HomeViewModelMock.swift in Sources */,
				EDE04C6521ED8E8A00A39C41 /* MoviesListViewControllerTests.swift in Sources */,
				EDF634B521EA9A9700295D4C /* MockMoviesSource.swift in Sources */,
				EDE04C6B21ED8ED200A39C41 /* MovieDetailViewModelTests.swift in Sources */,
				EDE04C5B21ED88F600A39C41 /* SearchMovieEntity+Convenience.swift in Sources */,
				EDE04C6921ED8EBD00A39C41 /* MovieDetailViewControllerTests.swift in Sources */,
				EDE04C6721ED8E9E00A39C41 /* MoviesListViewModelTests.swift in Sources */,
				EDE04C5821ED87E600A39C41 /* MoviesSearchListViewControllerTests.swift in Sources */,
				EDE04C6121ED8E4800A39C41 /* HomeViewModelTests.swift in Sources */,
			);
			runOnlyForDeploymentPostprocessing = 0;
		};
/* End PBXSourcesBuildPhase section */

/* Begin PBXTargetDependency section */
		ED3B97DB21E92BCD0043F788 /* PBXTargetDependency */ = {
			isa = PBXTargetDependency;
			target = ED3B97C121E92BCA0043F788 /* MoviesTest */;
			targetProxy = ED3B97DA21E92BCD0043F788 /* PBXContainerItemProxy */;
		};
/* End PBXTargetDependency section */

/* Begin PBXVariantGroup section */
		ED3B97D121E92BCC0043F788 /* LaunchScreen.storyboard */ = {
			isa = PBXVariantGroup;
			children = (
				ED3B97D221E92BCC0043F788 /* Base */,
			);
			name = LaunchScreen.storyboard;
			sourceTree = "<group>";
		};
/* End PBXVariantGroup section */

/* Begin XCBuildConfiguration section */
		ED3B97E021E92BCD0043F788 /* Debug */ = {
			isa = XCBuildConfiguration;
			buildSettings = {
				ALWAYS_SEARCH_USER_PATHS = NO;
				CLANG_ANALYZER_NONNULL = YES;
				CLANG_ANALYZER_NUMBER_OBJECT_CONVERSION = YES_AGGRESSIVE;
				CLANG_CXX_LANGUAGE_STANDARD = "gnu++14";
				CLANG_CXX_LIBRARY = "libc++";
				CLANG_ENABLE_MODULES = YES;
				CLANG_ENABLE_OBJC_ARC = YES;
				CLANG_ENABLE_OBJC_WEAK = YES;
				CLANG_WARN_BLOCK_CAPTURE_AUTORELEASING = YES;
				CLANG_WARN_BOOL_CONVERSION = YES;
				CLANG_WARN_COMMA = YES;
				CLANG_WARN_CONSTANT_CONVERSION = YES;
				CLANG_WARN_DEPRECATED_OBJC_IMPLEMENTATIONS = YES;
				CLANG_WARN_DIRECT_OBJC_ISA_USAGE = YES_ERROR;
				CLANG_WARN_DOCUMENTATION_COMMENTS = YES;
				CLANG_WARN_EMPTY_BODY = YES;
				CLANG_WARN_ENUM_CONVERSION = YES;
				CLANG_WARN_INFINITE_RECURSION = YES;
				CLANG_WARN_INT_CONVERSION = YES;
				CLANG_WARN_NON_LITERAL_NULL_CONVERSION = YES;
				CLANG_WARN_OBJC_IMPLICIT_RETAIN_SELF = YES;
				CLANG_WARN_OBJC_LITERAL_CONVERSION = YES;
				CLANG_WARN_OBJC_ROOT_CLASS = YES_ERROR;
				CLANG_WARN_RANGE_LOOP_ANALYSIS = YES;
				CLANG_WARN_STRICT_PROTOTYPES = YES;
				CLANG_WARN_SUSPICIOUS_MOVE = YES;
				CLANG_WARN_UNGUARDED_AVAILABILITY = YES_AGGRESSIVE;
				CLANG_WARN_UNREACHABLE_CODE = YES;
				CLANG_WARN__DUPLICATE_METHOD_MATCH = YES;
				CODE_SIGN_IDENTITY = "iPhone Developer";
				COPY_PHASE_STRIP = NO;
				DEBUG_INFORMATION_FORMAT = dwarf;
				ENABLE_STRICT_OBJC_MSGSEND = YES;
				ENABLE_TESTABILITY = YES;
				GCC_C_LANGUAGE_STANDARD = gnu11;
				GCC_DYNAMIC_NO_PIC = NO;
				GCC_NO_COMMON_BLOCKS = YES;
				GCC_OPTIMIZATION_LEVEL = 0;
				GCC_PREPROCESSOR_DEFINITIONS = (
					"DEBUG=1",
					"$(inherited)",
				);
				GCC_WARN_64_TO_32_BIT_CONVERSION = YES;
				GCC_WARN_ABOUT_RETURN_TYPE = YES_ERROR;
				GCC_WARN_UNDECLARED_SELECTOR = YES;
				GCC_WARN_UNINITIALIZED_AUTOS = YES_AGGRESSIVE;
				GCC_WARN_UNUSED_FUNCTION = YES;
				GCC_WARN_UNUSED_VARIABLE = YES;
				IPHONEOS_DEPLOYMENT_TARGET = 12.1;
				MTL_ENABLE_DEBUG_INFO = INCLUDE_SOURCE;
				MTL_FAST_MATH = YES;
				ONLY_ACTIVE_ARCH = YES;
				SDKROOT = iphoneos;
				SWIFT_ACTIVE_COMPILATION_CONDITIONS = DEBUG;
				SWIFT_OPTIMIZATION_LEVEL = "-Onone";
			};
			name = Debug;
		};
		ED3B97E121E92BCD0043F788 /* Release */ = {
			isa = XCBuildConfiguration;
			buildSettings = {
				ALWAYS_SEARCH_USER_PATHS = NO;
				CLANG_ANALYZER_NONNULL = YES;
				CLANG_ANALYZER_NUMBER_OBJECT_CONVERSION = YES_AGGRESSIVE;
				CLANG_CXX_LANGUAGE_STANDARD = "gnu++14";
				CLANG_CXX_LIBRARY = "libc++";
				CLANG_ENABLE_MODULES = YES;
				CLANG_ENABLE_OBJC_ARC = YES;
				CLANG_ENABLE_OBJC_WEAK = YES;
				CLANG_WARN_BLOCK_CAPTURE_AUTORELEASING = YES;
				CLANG_WARN_BOOL_CONVERSION = YES;
				CLANG_WARN_COMMA = YES;
				CLANG_WARN_CONSTANT_CONVERSION = YES;
				CLANG_WARN_DEPRECATED_OBJC_IMPLEMENTATIONS = YES;
				CLANG_WARN_DIRECT_OBJC_ISA_USAGE = YES_ERROR;
				CLANG_WARN_DOCUMENTATION_COMMENTS = YES;
				CLANG_WARN_EMPTY_BODY = YES;
				CLANG_WARN_ENUM_CONVERSION = YES;
				CLANG_WARN_INFINITE_RECURSION = YES;
				CLANG_WARN_INT_CONVERSION = YES;
				CLANG_WARN_NON_LITERAL_NULL_CONVERSION = YES;
				CLANG_WARN_OBJC_IMPLICIT_RETAIN_SELF = YES;
				CLANG_WARN_OBJC_LITERAL_CONVERSION = YES;
				CLANG_WARN_OBJC_ROOT_CLASS = YES_ERROR;
				CLANG_WARN_RANGE_LOOP_ANALYSIS = YES;
				CLANG_WARN_STRICT_PROTOTYPES = YES;
				CLANG_WARN_SUSPICIOUS_MOVE = YES;
				CLANG_WARN_UNGUARDED_AVAILABILITY = YES_AGGRESSIVE;
				CLANG_WARN_UNREACHABLE_CODE = YES;
				CLANG_WARN__DUPLICATE_METHOD_MATCH = YES;
				CODE_SIGN_IDENTITY = "iPhone Developer";
				COPY_PHASE_STRIP = NO;
				DEBUG_INFORMATION_FORMAT = "dwarf-with-dsym";
				ENABLE_NS_ASSERTIONS = NO;
				ENABLE_STRICT_OBJC_MSGSEND = YES;
				GCC_C_LANGUAGE_STANDARD = gnu11;
				GCC_NO_COMMON_BLOCKS = YES;
				GCC_WARN_64_TO_32_BIT_CONVERSION = YES;
				GCC_WARN_ABOUT_RETURN_TYPE = YES_ERROR;
				GCC_WARN_UNDECLARED_SELECTOR = YES;
				GCC_WARN_UNINITIALIZED_AUTOS = YES_AGGRESSIVE;
				GCC_WARN_UNUSED_FUNCTION = YES;
				GCC_WARN_UNUSED_VARIABLE = YES;
				IPHONEOS_DEPLOYMENT_TARGET = 12.1;
				MTL_ENABLE_DEBUG_INFO = NO;
				MTL_FAST_MATH = YES;
				SDKROOT = iphoneos;
				SWIFT_COMPILATION_MODE = wholemodule;
				SWIFT_OPTIMIZATION_LEVEL = "-O";
				VALIDATE_PRODUCT = YES;
			};
			name = Release;
		};
		ED3B97E321E92BCD0043F788 /* Debug */ = {
			isa = XCBuildConfiguration;
			baseConfigurationReference = F3688D5C6FC7EDA71E8DACAD /* Pods-MoviesTest.debug.xcconfig */;
			buildSettings = {
				ASSETCATALOG_COMPILER_APPICON_NAME = AppIcon;
				CODE_SIGN_STYLE = Automatic;
				DEVELOPMENT_TEAM = EUARY92ECY;
				INFOPLIST_FILE = MoviesTest/Info.plist;
				LD_RUNPATH_SEARCH_PATHS = (
					"$(inherited)",
					"@executable_path/Frameworks",
				);
				PRODUCT_BUNDLE_IDENTIFIER = com.infinixsoft.MoviesTest;
				PRODUCT_NAME = "$(TARGET_NAME)";
				SWIFT_VERSION = 4.2;
				TARGETED_DEVICE_FAMILY = 1;
			};
			name = Debug;
		};
		ED3B97E421E92BCD0043F788 /* Release */ = {
			isa = XCBuildConfiguration;
			baseConfigurationReference = 4DA4C9764F7321A20799D99B /* Pods-MoviesTest.release.xcconfig */;
			buildSettings = {
				ASSETCATALOG_COMPILER_APPICON_NAME = AppIcon;
				CODE_SIGN_STYLE = Automatic;
				DEVELOPMENT_TEAM = EUARY92ECY;
				INFOPLIST_FILE = MoviesTest/Info.plist;
				LD_RUNPATH_SEARCH_PATHS = (
					"$(inherited)",
					"@executable_path/Frameworks",
				);
				PRODUCT_BUNDLE_IDENTIFIER = com.infinixsoft.MoviesTest;
				PRODUCT_NAME = "$(TARGET_NAME)";
				SWIFT_VERSION = 4.2;
				TARGETED_DEVICE_FAMILY = 1;
			};
			name = Release;
		};
		ED3B97E621E92BCD0043F788 /* Debug */ = {
			isa = XCBuildConfiguration;
			baseConfigurationReference = 39F7940CC21C4D907A96ADD8 /* Pods-MoviesTestTests.debug.xcconfig */;
			buildSettings = {
				ALWAYS_EMBED_SWIFT_STANDARD_LIBRARIES = YES;
				BUNDLE_LOADER = "$(TEST_HOST)";
				CODE_SIGN_STYLE = Automatic;
				DEVELOPMENT_TEAM = EUARY92ECY;
				INFOPLIST_FILE = MoviesTestTests/Info.plist;
				LD_RUNPATH_SEARCH_PATHS = (
					"$(inherited)",
					"@executable_path/Frameworks",
					"@loader_path/Frameworks",
				);
				PRODUCT_BUNDLE_IDENTIFIER = com.infinixsoft.MoviesTestTests;
				PRODUCT_NAME = "$(TARGET_NAME)";
				SWIFT_VERSION = 4.2;
				TARGETED_DEVICE_FAMILY = "1,2";
				TEST_HOST = "$(BUILT_PRODUCTS_DIR)/MoviesTest.app/MoviesTest";
			};
			name = Debug;
		};
		ED3B97E721E92BCD0043F788 /* Release */ = {
			isa = XCBuildConfiguration;
			baseConfigurationReference = E41206FEBFD9AD0E367EE514 /* Pods-MoviesTestTests.release.xcconfig */;
			buildSettings = {
				ALWAYS_EMBED_SWIFT_STANDARD_LIBRARIES = YES;
				BUNDLE_LOADER = "$(TEST_HOST)";
				CODE_SIGN_STYLE = Automatic;
				DEVELOPMENT_TEAM = EUARY92ECY;
				INFOPLIST_FILE = MoviesTestTests/Info.plist;
				LD_RUNPATH_SEARCH_PATHS = (
					"$(inherited)",
					"@executable_path/Frameworks",
					"@loader_path/Frameworks",
				);
				PRODUCT_BUNDLE_IDENTIFIER = com.infinixsoft.MoviesTestTests;
				PRODUCT_NAME = "$(TARGET_NAME)";
				SWIFT_VERSION = 4.2;
				TARGETED_DEVICE_FAMILY = "1,2";
				TEST_HOST = "$(BUILT_PRODUCTS_DIR)/MoviesTest.app/MoviesTest";
			};
			name = Release;
		};
/* End XCBuildConfiguration section */

/* Begin XCConfigurationList section */
		ED3B97BD21E92BCA0043F788 /* Build configuration list for PBXProject "MoviesTest" */ = {
			isa = XCConfigurationList;
			buildConfigurations = (
				ED3B97E021E92BCD0043F788 /* Debug */,
				ED3B97E121E92BCD0043F788 /* Release */,
			);
			defaultConfigurationIsVisible = 0;
			defaultConfigurationName = Release;
		};
		ED3B97E221E92BCD0043F788 /* Build configuration list for PBXNativeTarget "MoviesTest" */ = {
			isa = XCConfigurationList;
			buildConfigurations = (
				ED3B97E321E92BCD0043F788 /* Debug */,
				ED3B97E421E92BCD0043F788 /* Release */,
			);
			defaultConfigurationIsVisible = 0;
			defaultConfigurationName = Release;
		};
		ED3B97E521E92BCD0043F788 /* Build configuration list for PBXNativeTarget "MoviesTestTests" */ = {
			isa = XCConfigurationList;
			buildConfigurations = (
				ED3B97E621E92BCD0043F788 /* Debug */,
				ED3B97E721E92BCD0043F788 /* Release */,
			);
			defaultConfigurationIsVisible = 0;
			defaultConfigurationName = Release;
		};
/* End XCConfigurationList section */

/* Begin XCVersionGroup section */
		ED3B97CC21E92BCA0043F788 /* MoviesTest.xcdatamodeld */ = {
			isa = XCVersionGroup;
			children = (
				ED3B97CD21E92BCA0043F788 /* MoviesTest.xcdatamodel */,
			);
			currentVersion = ED3B97CD21E92BCA0043F788 /* MoviesTest.xcdatamodel */;
			path = MoviesTest.xcdatamodeld;
			sourceTree = "<group>";
			versionGroupType = wrapper.xcdatamodel;
		};
/* End XCVersionGroup section */
	};
	rootObject = ED3B97BA21E92BCA0043F788 /* Project object */;
}
